{
  "version": 1,
  "dependencies": {
    "net8.0": {
      "Microsoft.Extensions.Configuration": {
        "type": "Direct",
        "requested": "[8.0.0, )",
        "resolved": "8.0.0",
        "contentHash": "0J/9YNXTMWSZP2p2+nvl8p71zpSwokZXZuJW+VjdErkegAnFdO1XlqtA62SJtgVYHdKu3uPxJHcMR/r35HwFBA==",
        "dependencies": {
          "Microsoft.Extensions.Configuration.Abstractions": "8.0.0",
          "Microsoft.Extensions.Primitives": "8.0.0"
        }
      },
      "Microsoft.Extensions.Configuration.CommandLine": {
        "type": "Direct",
        "requested": "[8.0.0, )",
        "resolved": "8.0.0",
        "contentHash": "NZuZMz3Q8Z780nKX3ifV1fE7lS+6pynDHK71OfU4OZ1ItgvDOhyOC7E6z+JMZrAj63zRpwbdldYFk499t3+1dQ==",
        "dependencies": {
          "Microsoft.Extensions.Configuration": "8.0.0",
          "Microsoft.Extensions.Configuration.Abstractions": "8.0.0"
        }
      },
      "Microsoft.Extensions.Configuration.EnvironmentVariables": {
        "type": "Direct",
        "requested": "[8.0.0, )",
        "resolved": "8.0.0",
        "contentHash": "plvZ0ZIpq+97gdPNNvhwvrEZ92kNml9hd1pe3idMA7svR0PztdzVLkoWLcRFgySYXUJc3kSM3Xw3mNFMo/bxRA==",
        "dependencies": {
          "Microsoft.Extensions.Configuration": "8.0.0",
          "Microsoft.Extensions.Configuration.Abstractions": "8.0.0"
        }
      },
      "Microsoft.Extensions.Configuration.Json": {
        "type": "Direct",
        "requested": "[8.0.0, )",
        "resolved": "8.0.0",
        "contentHash": "C2wqUoh9OmRL1akaCcKSTmRU8z0kckfImG7zLNI8uyi47Lp+zd5LWAD17waPQEqCz3ioWOCrFUo+JJuoeZLOBw==",
        "dependencies": {
          "Microsoft.Extensions.Configuration": "8.0.0",
          "Microsoft.Extensions.Configuration.Abstractions": "8.0.0",
          "Microsoft.Extensions.Configuration.FileExtensions": "8.0.0",
          "Microsoft.Extensions.FileProviders.Abstractions": "8.0.0",
          "System.Text.Json": "8.0.0"
        }
      },
      "Newtonsoft.Json": {
        "type": "Direct",
        "requested": "[12.0.3, )",
        "resolved": "12.0.3",
        "contentHash": "6mgjfnRB4jKMlzHSl+VD+oUc1IebOZabkbyWj2RiTgWwYPPuaK1H97G1sHqGwPlS5npiF5Q0OrxN1wni2n5QWg=="
      },
      "Nito.AsyncEx": {
        "type": "Direct",
        "requested": "[5.0.0, )",
        "resolved": "5.0.0",
        "contentHash": "EgeMl8BoaLg6mOXs7MVjl3uqUqZlL0uYti2/G128EA60U9UqoYlF0AMtGOA1/EP+bvrjcvixK8D3MLpwr2dnSw==",
        "dependencies": {
          "Nito.AsyncEx.Context": "5.0.0",
          "Nito.AsyncEx.Coordination": "5.0.0",
          "Nito.AsyncEx.Interop.WaitHandles": "5.0.0",
          "Nito.AsyncEx.Oop": "5.0.0",
          "Nito.AsyncEx.Tasks": "5.0.0",
          "Nito.Cancellation": "1.0.5"
        }
      },
      "Microsoft.Extensions.Configuration.Abstractions": {
        "type": "Transitive",
        "resolved": "8.0.0",
        "contentHash": "3lE/iLSutpgX1CC0NOW70FJoGARRHbyKmG7dc0klnUZ9Dd9hS6N/POPWhKhMLCEuNN5nXEY5agmlFtH562vqhQ==",
        "dependencies": {
          "Microsoft.Extensions.Primitives": "8.0.0"
        }
      },
      "Microsoft.Extensions.Configuration.FileExtensions": {
        "type": "Transitive",
        "resolved": "8.0.0",
        "contentHash": "McP+Lz/EKwvtCv48z0YImw+L1gi1gy5rHhNaNIY2CrjloV+XY8gydT8DjMR6zWeL13AFK+DioVpppwAuO1Gi1w==",
        "dependencies": {
          "Microsoft.Extensions.Configuration": "8.0.0",
          "Microsoft.Extensions.Configuration.Abstractions": "8.0.0",
          "Microsoft.Extensions.FileProviders.Abstractions": "8.0.0",
          "Microsoft.Extensions.FileProviders.Physical": "8.0.0",
          "Microsoft.Extensions.Primitives": "8.0.0"
        }
      },
      "Microsoft.Extensions.FileProviders.Abstractions": {
        "type": "Transitive",
        "resolved": "8.0.0",
        "contentHash": "ZbaMlhJlpisjuWbvXr4LdAst/1XxH3vZ6A0BsgTphZ2L4PGuxRLz7Jr/S7mkAAnOn78Vu0fKhEgNF5JO3zfjqQ==",
        "dependencies": {
          "Microsoft.Extensions.Primitives": "8.0.0"
        }
      },
      "Microsoft.Extensions.FileProviders.Physical": {
        "type": "Transitive",
        "resolved": "8.0.0",
        "contentHash": "UboiXxpPUpwulHvIAVE36Knq0VSHaAmfrFkegLyBZeaADuKezJ/AIXYAW8F5GBlGk/VaibN2k/Zn1ca8YAfVdA==",
        "dependencies": {
          "Microsoft.Extensions.FileProviders.Abstractions": "8.0.0",
          "Microsoft.Extensions.FileSystemGlobbing": "8.0.0",
          "Microsoft.Extensions.Primitives": "8.0.0"
        }
      },
      "Microsoft.Extensions.FileSystemGlobbing": {
        "type": "Transitive",
        "resolved": "8.0.0",
        "contentHash": "OK+670i7esqlQrPjdIKRbsyMCe9g5kSLpRRQGSr4Q58AOYEe/hCnfLZprh7viNisSUUQZmMrbbuDaIrP+V1ebQ=="
      },
      "Microsoft.Extensions.Primitives": {
        "type": "Transitive",
        "resolved": "8.0.0",
        "contentHash": "bXJEZrW9ny8vjMF1JV253WeLhpEVzFo1lyaZu1vQ4ZxWUlVvknZ/+ftFgVheLubb4eZPSwwxBeqS1JkCOjxd8g=="
      },
      "Nito.AsyncEx.Context": {
        "type": "Transitive",
        "resolved": "5.0.0",
        "contentHash": "Qnth1Ye+QSLg8P3fSFYzk7ue6oUUHQcKpLitgAig8xRFqTK5W1KTlfxF/Z8Eo0BuqZ17a5fAGtXrdKJsLqivZw==",
        "dependencies": {
          "Nito.AsyncEx.Tasks": "5.0.0"
        }
      },
      "Nito.AsyncEx.Coordination": {
        "type": "Transitive",
        "resolved": "5.0.0",
        "contentHash": "kjauyO8UMo/FGZO/M8TdjXB8ZlBPFOiRN8yakThaGQbYOywazQ0kGZ39SNr2gNNzsTxbZOUudBMYNo+IrtscbA==",
        "dependencies": {
          "Nito.AsyncEx.Tasks": "5.0.0",
          "Nito.Collections.Deque": "1.0.4",
          "Nito.Disposables": "2.0.0"
        }
      },
      "Nito.AsyncEx.Interop.WaitHandles": {
        "type": "Transitive",
        "resolved": "5.0.0",
        "contentHash": "roX7jQ7AAEw3CUq/oRj/ACcN1XtfO6fSbYSAjMtjvacN9pqY7Uq2reBFaosbMaMt16EcW+Xw3PwczKzHdZFPRA==",
        "dependencies": {
          "Nito.AsyncEx.Tasks": "5.0.0"
        }
      },
      "Nito.AsyncEx.Oop": {
        "type": "Transitive",
        "resolved": "5.0.0",
        "contentHash": "SKyHsxzXD8b69tPPgMDh7mgMx7GdaSfJ1h2eNS+z2Z/vHsutXTl1sYLOO30fiIkv1umvI1g8GySvYLpVlpt6yA==",
        "dependencies": {
          "Nito.AsyncEx.Coordination": "5.0.0"
        }
      },
      "Nito.AsyncEx.Tasks": {
        "type": "Transitive",
        "resolved": "5.0.0",
        "contentHash": "ZtvotignafOLteP4oEjVcF3k2L8h73QUCaFpVKWbU+EOlW/I+JGkpMoXIl0rlwPcDmR84RxzggLRUNMaWlOosA==",
        "dependencies": {
          "Nito.Disposables": "2.0.0"
        }
      },
      "Nito.Cancellation": {
        "type": "Transitive",
        "resolved": "1.0.5",
        "contentHash": "/MehN8HvuOgPZsNmqyu0UdPWXCAJVqcy0LEqw1Ch1++ag1h0qPt5YLH+BCIMFDC5UMW/4RzJW2GdRDYg7Vi2yA==",
        "dependencies": {
          "Nito.Disposables": "1.2.3"
        }
      },
      "Nito.Collections.Deque": {
        "type": "Transitive",
        "resolved": "1.0.4",
        "contentHash": "yGDKqCQ61i97MyfEUYG6+ln5vxpx11uA5M9+VV9B7stticbFm19YMI/G9w4AFYVBj5PbPi138P8IovkMFAL0Aw=="
      },
      "Nito.Disposables": {
        "type": "Transitive",
        "resolved": "2.0.0",
        "contentHash": "ExJl/jTjegSLHGcwnmaYaI5xIlrefAsVdeLft7VLtXI2+W5irihiu36LizWvlaUpzY1/llo+YSh09uSHMu2VFw==",
        "dependencies": {
          "System.Collections.Immutable": "1.4.0"
        }
      },
      "System.Collections.Immutable": {
        "type": "Transitive",
        "resolved": "1.4.0",
        "contentHash": "71hw5RUJRu5+q/geUY69gpXD8Upd12cH+F3MwpXV2zle7Bqqkrmc1JblOTuvUcgmdnUtQvBlV5e1d6RH+H2lvA=="
      },
      "System.Text.Encodings.Web": {
        "type": "Transitive",
        "resolved": "8.0.0",
        "contentHash": "yev/k9GHAEGx2Rg3/tU6MQh4HGBXJs70y7j1LaM1i/ER9po+6nnQ6RRqTJn1E7Xu0fbIFK80Nh5EoODxrbxwBQ=="
      },
      "System.Text.Json": {
        "type": "Transitive",
        "resolved": "8.0.0",
        "contentHash": "OdrZO2WjkiEG6ajEFRABTRCi/wuXQPxeV6g8xvUJqdxMvvuCCEk86zPla8UiIQJz3durtUEbNyY/3lIhS0yZvQ==",
        "dependencies": {
          "System.Text.Encodings.Web": "8.0.0"
        }
      }
    }
  }
}